
Microsoft Visual Studio Solution File, Format Version 12.00
# Visual Studio 15
VisualStudioVersion = 15.0.27703.2042
MinimumVisualStudioVersion = 10.0.40219.1
Project("{FAE04EC0-301F-11D3-BF4B-00C04F79EFBC}") = "part1-Basic-Prototype", "part1-Basic-Prototype\part1-Basic-Prototype.csproj", "{86D30140-B4FC-43F7-B3CF-BC797F5E3F7C}"
EndProject
Project("{FAE04EC0-301F-11D3-BF4B-00C04F79EFBC}") = "part2-Basic-Prototype", "part2-Basic-Prototype\part2-Basic-Prototype.csproj", "{46230D6E-F6E3-415C-AB9F-CF6AEC84F220}"
EndProject
Project("{FAE04EC0-301F-11D3-BF4B-00C04F79EFBC}") = "part3-Basic-Prototype", "part3-Basic-Prototype\part3-Basic-Prototype.csproj", "{685FA706-7D72-4A84-8AFF-75DFB5AE12DF}"
EndProject
Project("{FAE04EC0-301F-11D3-BF4B-00C04F79EFBC}") = "part4-Basic-Prototype", "part4-Basic-Prototype\part4-Basic-Prototype.csproj", "{2B7D990A-9DCC-4D8A-91DA-0097E38F4E65}"
EndProject
Project("{FAE04EC0-301F-11D3-BF4B-00C04F79EFBC}") = "part5-proof-of-work", "part5-proof-of-work\part5-proof-of-work.csproj", "{3E16CB40-7101-4860-8EC2-790DB20EDF6D}"
EndProject
Project("{FAE04EC0-301F-11D3-BF4B-00C04F79EFBC}") = "part6-proof-of-work", "part6-proof-of-work\part6-proof-of-work.csproj", "{127A30D8-8388-4995-B9F3-CDA2ADBE5C26}"
EndProject
Project("{FAE04EC0-301F-11D3-BF4B-00C04F79EFBC}") = "part7-proof-of-work", "part7-proof-of-work\part7-proof-of-work.csproj", "{6142323E-D2A4-4979-BE9A-ECC325607E24}"
EndProject
Project("{FAE04EC0-301F-11D3-BF4B-00C04F79EFBC}") = "part8-proof-of-work", "part8-proof-of-work\part8-proof-of-work.csproj", "{324D4723-32A8-489A-BF4D-EB2731EC306A}"
EndProject
Project("{FAE04EC0-301F-11D3-BF4B-00C04F79EFBC}") = "part9-Serialize-DeserializeBlock", "part9-Serialize-DeserializeBlock\part9-Serialize-DeserializeBlock.csproj", "{F60F20FB-F18A-41AF-96DE-B036F5EC7A63}"
EndProject
Project("{FAE04EC0-301F-11D3-BF4B-00C04F79EFBC}") = "part10-13-LevelDB", "part10-13-LevelDB\part10-13-LevelDB.csproj", "{689FA29B-98EE-4B5D-BADB-4297A7F443DE}"
EndProject
Project("{FAE04EC0-301F-11D3-BF4B-00C04F79EFBC}") = "part14-block-leveldb", "part14-block-leveldb\part14-block-leveldb.csproj", "{C09B53F9-DFA3-4704-96FF-DEAE48576870}"
EndProject
Project("{FAE04EC0-301F-11D3-BF4B-00C04F79EFBC}") = "part15-persistence-creategenesisblock", "part15-persistence-creategenesisblock\part15-persistence-creategenesisblock.csproj", "{D5F963C9-A3FC-4D93-90FB-C7CD80A3AAEF}"
EndProject
Project("{FAE04EC0-301F-11D3-BF4B-00C04F79EFBC}") = "part16-persistence-addblock", "part16-persistence-addblock\part16-persistence-addblock.csproj", "{6D6A7089-EDC7-4D71-A8CB-C501E6B699FD}"
EndProject
Project("{FAE04EC0-301F-11D3-BF4B-00C04F79EFBC}") = "part17-18-persistence-Iterator", "part17-18-persistence-Iterator\part17-18-persistence-Iterator.csproj", "{B7F53D5F-CBBA-4E5F-8092-4B195A2BBD95}"
EndProject
Project("{FAE04EC0-301F-11D3-BF4B-00C04F79EFBC}") = "part19-20-persistence-Iterator-separate", "part19-20-persistence-Iterator-separate\part19-20-persistence-Iterator-separate.csproj", "{1EE80624-409F-4A0B-A93D-8C4C48FD3FD0}"
EndProject
Project("{FAE04EC0-301F-11D3-BF4B-00C04F79EFBC}") = "part21-23-cil", "part21-23-cil\part21-23-cil.csproj", "{70248959-9264-4C6F-A079-9F3153CBE03F}"
EndProject
Project("{FAE04EC0-301F-11D3-BF4B-00C04F79EFBC}") = "part24-persistence-cli", "part24-persistence-cli\part24-persistence-cli.csproj", "{B9DC2743-66B6-47BD-ADF6-C476CE41C78F}"
EndProject
Project("{FAE04EC0-301F-11D3-BF4B-00C04F79EFBC}") = "part25-persistence-cli-createblockchain", "part25-persistence-cli-createblockchain\part25-persistence-cli-createblockchain.csproj", "{4442E428-ADD1-47B4-8FAE-4CC01458AA76}"
EndProject
Global
	GlobalSection(SolutionConfigurationPlatforms) = preSolution
		Debug|Any CPU = Debug|Any CPU
		Release|Any CPU = Release|Any CPU
	EndGlobalSection
	GlobalSection(ProjectConfigurationPlatforms) = postSolution
		{86D30140-B4FC-43F7-B3CF-BC797F5E3F7C}.Debug|Any CPU.ActiveCfg = Debug|Any CPU
		{86D30140-B4FC-43F7-B3CF-BC797F5E3F7C}.Debug|Any CPU.Build.0 = Debug|Any CPU
		{86D30140-B4FC-43F7-B3CF-BC797F5E3F7C}.Release|Any CPU.ActiveCfg = Release|Any CPU
		{86D30140-B4FC-43F7-B3CF-BC797F5E3F7C}.Release|Any CPU.Build.0 = Release|Any CPU
		{46230D6E-F6E3-415C-AB9F-CF6AEC84F220}.Debug|Any CPU.ActiveCfg = Debug|Any CPU
		{46230D6E-F6E3-415C-AB9F-CF6AEC84F220}.Debug|Any CPU.Build.0 = Debug|Any CPU
		{46230D6E-F6E3-415C-AB9F-CF6AEC84F220}.Release|Any CPU.ActiveCfg = Release|Any CPU
		{46230D6E-F6E3-415C-AB9F-CF6AEC84F220}.Release|Any CPU.Build.0 = Release|Any CPU
		{685FA706-7D72-4A84-8AFF-75DFB5AE12DF}.Debug|Any CPU.ActiveCfg = Debug|Any CPU
		{685FA706-7D72-4A84-8AFF-75DFB5AE12DF}.Debug|Any CPU.Build.0 = Debug|Any CPU
		{685FA706-7D72-4A84-8AFF-75DFB5AE12DF}.Release|Any CPU.ActiveCfg = Release|Any CPU
		{685FA706-7D72-4A84-8AFF-75DFB5AE12DF}.Release|Any CPU.Build.0 = Release|Any CPU
		{2B7D990A-9DCC-4D8A-91DA-0097E38F4E65}.Debug|Any CPU.ActiveCfg = Debug|Any CPU
		{2B7D990A-9DCC-4D8A-91DA-0097E38F4E65}.Debug|Any CPU.Build.0 = Debug|Any CPU
		{2B7D990A-9DCC-4D8A-91DA-0097E38F4E65}.Release|Any CPU.ActiveCfg = Release|Any CPU
		{2B7D990A-9DCC-4D8A-91DA-0097E38F4E65}.Release|Any CPU.Build.0 = Release|Any CPU
		{3E16CB40-7101-4860-8EC2-790DB20EDF6D}.Debug|Any CPU.ActiveCfg = Debug|Any CPU
		{3E16CB40-7101-4860-8EC2-790DB20EDF6D}.Debug|Any CPU.Build.0 = Debug|Any CPU
		{3E16CB40-7101-4860-8EC2-790DB20EDF6D}.Release|Any CPU.ActiveCfg = Release|Any CPU
		{3E16CB40-7101-4860-8EC2-790DB20EDF6D}.Release|Any CPU.Build.0 = Release|Any CPU
		{127A30D8-8388-4995-B9F3-CDA2ADBE5C26}.Debug|Any CPU.ActiveCfg = Debug|Any CPU
		{127A30D8-8388-4995-B9F3-CDA2ADBE5C26}.Debug|Any CPU.Build.0 = Debug|Any CPU
		{127A30D8-8388-4995-B9F3-CDA2ADBE5C26}.Release|Any CPU.ActiveCfg = Release|Any CPU
		{127A30D8-8388-4995-B9F3-CDA2ADBE5C26}.Release|Any CPU.Build.0 = Release|Any CPU
		{6142323E-D2A4-4979-BE9A-ECC325607E24}.Debug|Any CPU.ActiveCfg = Debug|Any CPU
		{6142323E-D2A4-4979-BE9A-ECC325607E24}.Debug|Any CPU.Build.0 = Debug|Any CPU
		{6142323E-D2A4-4979-BE9A-ECC325607E24}.Release|Any CPU.ActiveCfg = Release|Any CPU
		{6142323E-D2A4-4979-BE9A-ECC325607E24}.Release|Any CPU.Build.0 = Release|Any CPU
		{324D4723-32A8-489A-BF4D-EB2731EC306A}.Debug|Any CPU.ActiveCfg = Debug|Any CPU
		{324D4723-32A8-489A-BF4D-EB2731EC306A}.Debug|Any CPU.Build.0 = Debug|Any CPU
		{324D4723-32A8-489A-BF4D-EB2731EC306A}.Release|Any CPU.ActiveCfg = Release|Any CPU
		{324D4723-32A8-489A-BF4D-EB2731EC306A}.Release|Any CPU.Build.0 = Release|Any CPU
		{F60F20FB-F18A-41AF-96DE-B036F5EC7A63}.Debug|Any CPU.ActiveCfg = Debug|Any CPU
		{F60F20FB-F18A-41AF-96DE-B036F5EC7A63}.Debug|Any CPU.Build.0 = Debug|Any CPU
		{F60F20FB-F18A-41AF-96DE-B036F5EC7A63}.Release|Any CPU.ActiveCfg = Release|Any CPU
		{F60F20FB-F18A-41AF-96DE-B036F5EC7A63}.Release|Any CPU.Build.0 = Release|Any CPU
		{689FA29B-98EE-4B5D-BADB-4297A7F443DE}.Debug|Any CPU.ActiveCfg = Debug|Any CPU
		{689FA29B-98EE-4B5D-BADB-4297A7F443DE}.Debug|Any CPU.Build.0 = Debug|Any CPU
		{689FA29B-98EE-4B5D-BADB-4297A7F443DE}.Release|Any CPU.ActiveCfg = Release|Any CPU
		{689FA29B-98EE-4B5D-BADB-4297A7F443DE}.Release|Any CPU.Build.0 = Release|Any CPU
		{C09B53F9-DFA3-4704-96FF-DEAE48576870}.Debug|Any CPU.ActiveCfg = Debug|Any CPU
		{C09B53F9-DFA3-4704-96FF-DEAE48576870}.Debug|Any CPU.Build.0 = Debug|Any CPU
		{C09B53F9-DFA3-4704-96FF-DEAE48576870}.Release|Any CPU.ActiveCfg = Release|Any CPU
		{C09B53F9-DFA3-4704-96FF-DEAE48576870}.Release|Any CPU.Build.0 = Release|Any CPU
		{D5F963C9-A3FC-4D93-90FB-C7CD80A3AAEF}.Debug|Any CPU.ActiveCfg = Debug|Any CPU
		{D5F963C9-A3FC-4D93-90FB-C7CD80A3AAEF}.Debug|Any CPU.Build.0 = Debug|Any CPU
		{D5F963C9-A3FC-4D93-90FB-C7CD80A3AAEF}.Release|Any CPU.ActiveCfg = Release|Any CPU
		{D5F963C9-A3FC-4D93-90FB-C7CD80A3AAEF}.Release|Any CPU.Build.0 = Release|Any CPU
		{6D6A7089-EDC7-4D71-A8CB-C501E6B699FD}.Debug|Any CPU.ActiveCfg = Debug|Any CPU
		{6D6A7089-EDC7-4D71-A8CB-C501E6B699FD}.Debug|Any CPU.Build.0 = Debug|Any CPU
		{6D6A7089-EDC7-4D71-A8CB-C501E6B699FD}.Release|Any CPU.ActiveCfg = Release|Any CPU
		{6D6A7089-EDC7-4D71-A8CB-C501E6B699FD}.Release|Any CPU.Build.0 = Release|Any CPU
		{B7F53D5F-CBBA-4E5F-8092-4B195A2BBD95}.Debug|Any CPU.ActiveCfg = Debug|Any CPU
		{B7F53D5F-CBBA-4E5F-8092-4B195A2BBD95}.Debug|Any CPU.Build.0 = Debug|Any CPU
		{B7F53D5F-CBBA-4E5F-8092-4B195A2BBD95}.Release|Any CPU.ActiveCfg = Release|Any CPU
		{B7F53D5F-CBBA-4E5F-8092-4B195A2BBD95}.Release|Any CPU.Build.0 = Release|Any CPU
		{1EE80624-409F-4A0B-A93D-8C4C48FD3FD0}.Debug|Any CPU.ActiveCfg = Debug|Any CPU
		{1EE80624-409F-4A0B-A93D-8C4C48FD3FD0}.Debug|Any CPU.Build.0 = Debug|Any CPU
		{1EE80624-409F-4A0B-A93D-8C4C48FD3FD0}.Release|Any CPU.ActiveCfg = Release|Any CPU
		{1EE80624-409F-4A0B-A93D-8C4C48FD3FD0}.Release|Any CPU.Build.0 = Release|Any CPU
		{70248959-9264-4C6F-A079-9F3153CBE03F}.Debug|Any CPU.ActiveCfg = Debug|Any CPU
		{70248959-9264-4C6F-A079-9F3153CBE03F}.Debug|Any CPU.Build.0 = Debug|Any CPU
		{70248959-9264-4C6F-A079-9F3153CBE03F}.Release|Any CPU.ActiveCfg = Release|Any CPU
		{70248959-9264-4C6F-A079-9F3153CBE03F}.Release|Any CPU.Build.0 = Release|Any CPU
		{B9DC2743-66B6-47BD-ADF6-C476CE41C78F}.Debug|Any CPU.ActiveCfg = Debug|Any CPU
		{B9DC2743-66B6-47BD-ADF6-C476CE41C78F}.Debug|Any CPU.Build.0 = Debug|Any CPU
		{B9DC2743-66B6-47BD-ADF6-C476CE41C78F}.Release|Any CPU.ActiveCfg = Release|Any CPU
		{B9DC2743-66B6-47BD-ADF6-C476CE41C78F}.Release|Any CPU.Build.0 = Release|Any CPU
		{4442E428-ADD1-47B4-8FAE-4CC01458AA76}.Debug|Any CPU.ActiveCfg = Debug|Any CPU
		{4442E428-ADD1-47B4-8FAE-4CC01458AA76}.Debug|Any CPU.Build.0 = Debug|Any CPU
		{4442E428-ADD1-47B4-8FAE-4CC01458AA76}.Release|Any CPU.ActiveCfg = Release|Any CPU
		{4442E428-ADD1-47B4-8FAE-4CC01458AA76}.Release|Any CPU.Build.0 = Release|Any CPU
	EndGlobalSection
	GlobalSection(SolutionProperties) = preSolution
		HideSolutionNode = FALSE
	EndGlobalSection
	GlobalSection(ExtensibilityGlobals) = postSolution
		SolutionGuid = {5564148A-6175-4BB5-938D-C9316ACBD4EF}
	EndGlobalSection
EndGlobal
